
Microsoft Visual Studio Solution File, Format Version 12.00
# Visual Studio Version 17
VisualStudioVersion = 17.6.33829.357
MinimumVisualStudioVersion = 10.0.40219.1
Project("{9A19103F-16F7-4668-BE54-9A1E7A4F7556}") = "DataBind", "DataBind\DataBind.csproj", "{C9B68F8A-F230-4C00-B90E-9B695E7E276D}"
EndProject
Project("{9A19103F-16F7-4668-BE54-9A1E7A4F7556}") = "VueWebSite", "VueWebSite\VueWebSite.csproj", "{CA65E7AF-A3D0-4531-889D-2B47E746B943}"
EndProject
Project("{9A19103F-16F7-4668-BE54-9A1E7A4F7556}") = "VueService", "VueService\VueService.csproj", "{847FAF1A-C9DF-415C-B55F-0CD9F97D1808}"
EndProject
Global
	GlobalSection(SolutionConfigurationPlatforms) = preSolution
		Debug|Any CPU = Debug|Any CPU
		Release|Any CPU = Release|Any CPU
	EndGlobalSection
	GlobalSection(ProjectConfigurationPlatforms) = postSolution
		{C9B68F8A-F230-4C00-B90E-9B695E7E276D}.Debug|Any CPU.ActiveCfg = Debug|Any CPU
		{C9B68F8A-F230-4C00-B90E-9B695E7E276D}.Debug|Any CPU.Build.0 = Debug|Any CPU
		{C9B68F8A-F230-4C00-B90E-9B695E7E276D}.Release|Any CPU.ActiveCfg = Release|Any CPU
		{C9B68F8A-F230-4C00-B90E-9B695E7E276D}.Release|Any CPU.Build.0 = Release|Any CPU
		{CA65E7AF-A3D0-4531-889D-2B47E746B943}.Debug|Any CPU.ActiveCfg = Debug|Any CPU
		{CA65E7AF-A3D0-4531-889D-2B47E746B943}.Debug|Any CPU.Build.0 = Debug|Any CPU
		{CA65E7AF-A3D0-4531-889D-2B47E746B943}.Release|Any CPU.ActiveCfg = Release|Any CPU
		{CA65E7AF-A3D0-4531-889D-2B47E746B943}.Release|Any CPU.Build.0 = Release|Any CPU
		{847FAF1A-C9DF-415C-B55F-0CD9F97D1808}.Debug|Any CPU.ActiveCfg = Debug|Any CPU
		{847FAF1A-C9DF-415C-B55F-0CD9F97D1808}.Debug|Any CPU.Build.0 = Debug|Any CPU
		{847FAF1A-C9DF-415C-B55F-0CD9F97D1808}.Release|Any CPU.ActiveCfg = Release|Any CPU
		{847FAF1A-C9DF-415C-B55F-0CD9F97D1808}.Release|Any CPU.Build.0 = Release|Any CPU
	EndGlobalSection
	GlobalSection(SolutionProperties) = preSolution
		HideSolutionNode = FALSE
	EndGlobalSection
	GlobalSection(ExtensibilityGlobals) = postSolution
		SolutionGuid = {BC328008-D650-47B1-A700-40293FA362B0}
	EndGlobalSection
EndGlobal
