
Microsoft Visual Studio Solution File, Format Version 12.00
# Visual Studio Version 17
VisualStudioVersion = 17.14.36603.0 d17.14
MinimumVisualStudioVersion = 10.0.40219.1
Project("{FAE04EC0-301F-11D3-BF4B-00C04F79EFBC}") = "ConsoleApp1", "ConsoleApp1\ConsoleApp1.csproj", "{E0849720-7AA8-4565-874A-D59DA8D687A9}"
EndProject
Project("{FAE04EC0-301F-11D3-BF4B-00C04F79EFBC}") = "WebApplication1", "WebApplication1\WebApplication1.csproj", "{7EF18F84-DDB5-41E8-8736-85DA4D4C1249}"
EndProject
Global
	GlobalSection(SolutionConfigurationPlatforms) = preSolution
		Debug|Any CPU = Debug|Any CPU
		Release|Any CPU = Release|Any CPU
	EndGlobalSection
	GlobalSection(ProjectConfigurationPlatforms) = postSolution
		{E0849720-7AA8-4565-874A-D59DA8D687A9}.Debug|Any CPU.ActiveCfg = Debug|Any CPU
		{E0849720-7AA8-4565-874A-D59DA8D687A9}.Debug|Any CPU.Build.0 = Debug|Any CPU
		{E0849720-7AA8-4565-874A-D59DA8D687A9}.Release|Any CPU.ActiveCfg = Release|Any CPU
		{E0849720-7AA8-4565-874A-D59DA8D687A9}.Release|Any CPU.Build.0 = Release|Any CPU
		{7EF18F84-DDB5-41E8-8736-85DA4D4C1249}.Debug|Any CPU.ActiveCfg = Debug|Any CPU
		{7EF18F84-DDB5-41E8-8736-85DA4D4C1249}.Debug|Any CPU.Build.0 = Debug|Any CPU
		{7EF18F84-DDB5-41E8-8736-85DA4D4C1249}.Release|Any CPU.ActiveCfg = Release|Any CPU
		{7EF18F84-DDB5-41E8-8736-85DA4D4C1249}.Release|Any CPU.Build.0 = Release|Any CPU
	EndGlobalSection
	GlobalSection(SolutionProperties) = preSolution
		HideSolutionNode = FALSE
	EndGlobalSection
	GlobalSection(ExtensibilityGlobals) = postSolution
		SolutionGuid = {15B20A82-4BF6-438E-A638-3EFE5F4ECDD6}
	EndGlobalSection
EndGlobal
